Microsoft Visual Studio Solution File, Format Version 12.00
# Visual Studio Version 17
VisualStudioVersion = 17.5.2.0
MinimumVisualStudioVersion = 10.0.40219.1
Project("{FAE04EC0-301F-11D3-BF4B-00C04F79EFBC}") = "MUU", "MUU\MUU.csproj", "{A7E53F7A-DB43-E498-D552-0E17693A4455}"
EndProject
Global
	GlobalSection(SolutionConfigurationPlatforms) = preSolution
		Debug|Any CPU = Debug|Any CPU
		Release|Any CPU = Release|Any CPU
	EndGlobalSection
	GlobalSection(ProjectConfigurationPlatforms) = postSolution
		{A7E53F7A-DB43-E498-D552-0E17693A4455}.Debug|Any CPU.ActiveCfg = Debug|Any CPU
		{A7E53F7A-DB43-E498-D552-0E17693A4455}.Debug|Any CPU.Build.0 = Debug|Any CPU
		{A7E53F7A-DB43-E498-D552-0E17693A4455}.Release|Any CPU.ActiveCfg = Release|Any CPU
		{A7E53F7A-DB43-E498-D552-0E17693A4455}.Release|Any CPU.Build.0 = Release|Any CPU
	EndGlobalSection
	GlobalSection(SolutionProperties) = preSolution
		HideSolutionNode = FALSE
	EndGlobalSection
	GlobalSection(ExtensibilityGlobals) = postSolution
		SolutionGuid = {6CE4103E-8F0E-4D89-980E-38C1D8300350}
	EndGlobalSection
EndGlobal
